
Microsoft Visual Studio Solution File, Format Version 12.00
# Visual Studio Version 16
VisualStudioVersion = 16.0.31624.102
MinimumVisualStudioVersion = 10.0.40219.1
Project("{8BC9CEB8-8B4A-11D0-8D11-00A0C91BC942}") = "OOP_Inheritance", "OOP_Inheritance\OOP_Inheritance.vcxproj", "{0278BB24-C2C7-40FF-9C07-AADDBFCF47AE}"
EndProject
Global
	GlobalSection(SolutionConfigurationPlatforms) = preSolution
		Debug|x64 = Debug|x64
		Debug|x86 = Debug|x86
		Release|x64 = Release|x64
		Release|x86 = Release|x86
	EndGlobalSection
	GlobalSection(ProjectConfigurationPlatforms) = postSolution
		{0278BB24-C2C7-40FF-9C07-AADDBFCF47AE}.Debug|x64.ActiveCfg = Debug|x64
		{0278BB24-C2C7-40FF-9C07-AADDBFCF47AE}.Debug|x64.Build.0 = Debug|x64
		{0278BB24-C2C7-40FF-9C07-AADDBFCF47AE}.Debug|x86.ActiveCfg = Debug|Win32
		{0278BB24-C2C7-40FF-9C07-AADDBFCF47AE}.Debug|x86.Build.0 = Debug|Win32
		{0278BB24-C2C7-40FF-9C07-AADDBFCF47AE}.Release|x64.ActiveCfg = Release|x64
		{0278BB24-C2C7-40FF-9C07-AADDBFCF47AE}.Release|x64.Build.0 = Release|x64
		{0278BB24-C2C7-40FF-9C07-AADDBFCF47AE}.Release|x86.ActiveCfg = Release|Win32
		{0278BB24-C2C7-40FF-9C07-AADDBFCF47AE}.Release|x86.Build.0 = Release|Win32
	EndGlobalSection
	GlobalSection(SolutionProperties) = preSolution
		HideSolutionNode = FALSE
	EndGlobalSection
	GlobalSection(ExtensibilityGlobals) = postSolution
		SolutionGuid = {1392BE07-C3DF-47CE-ACE2-329E084A7D76}
	EndGlobalSection
EndGlobal
